
Microsoft Visual Studio Solution File, Format Version 12.00
# Visual Studio Version 17
VisualStudioVersion = 17.7.34031.279
MinimumVisualStudioVersion = 10.0.40219.1
Project("{FAE04EC0-301F-11D3-BF4B-00C04F79EFBC}") = "Proyecto Binario", "Proyecto Binario\Proyecto Binario.csproj", "{A70FBEF0-685C-432A-9EF3-AED23A47A367}"
EndProject
Global
	GlobalSection(SolutionConfigurationPlatforms) = preSolution
		Debug|Any CPU = Debug|Any CPU
		Release|Any CPU = Release|Any CPU
	EndGlobalSection
	GlobalSection(ProjectConfigurationPlatforms) = postSolution
		{A70FBEF0-685C-432A-9EF3-AED23A47A367}.Debug|Any CPU.ActiveCfg = Debug|Any CPU
		{A70FBEF0-685C-432A-9EF3-AED23A47A367}.Debug|Any CPU.Build.0 = Debug|Any CPU
		{A70FBEF0-685C-432A-9EF3-AED23A47A367}.Release|Any CPU.ActiveCfg = Release|Any CPU
		{A70FBEF0-685C-432A-9EF3-AED23A47A367}.Release|Any CPU.Build.0 = Release|Any CPU
	EndGlobalSection
	GlobalSection(SolutionProperties) = preSolution
		HideSolutionNode = FALSE
	EndGlobalSection
	GlobalSection(ExtensibilityGlobals) = postSolution
		SolutionGuid = {4AE089FA-5D68-48B4-8659-3C5DD459B515}
	EndGlobalSection
EndGlobal
